
Microsoft Visual Studio Solution File, Format Version 12.00
# Visual Studio Version 17
VisualStudioVersion = 17.7.34009.444
MinimumVisualStudioVersion = 10.0.40219.1
Project("{FAE04EC0-301F-11D3-BF4B-00C04F79EFBC}") = "NotaAlumnosJson", "NotaAlumnosJson.csproj", "{415DD09F-E1DF-4D56-8B61-889C701D8A09}"
EndProject
Global
	GlobalSection(SolutionConfigurationPlatforms) = preSolution
		Debug|Any CPU = Debug|Any CPU
		Release|Any CPU = Release|Any CPU
	EndGlobalSection
	GlobalSection(ProjectConfigurationPlatforms) = postSolution
		{415DD09F-E1DF-4D56-8B61-889C701D8A09}.Debug|Any CPU.ActiveCfg = Debug|Any CPU
		{415DD09F-E1DF-4D56-8B61-889C701D8A09}.Debug|Any CPU.Build.0 = Debug|Any CPU
		{415DD09F-E1DF-4D56-8B61-889C701D8A09}.Release|Any CPU.ActiveCfg = Release|Any CPU
		{415DD09F-E1DF-4D56-8B61-889C701D8A09}.Release|Any CPU.Build.0 = Release|Any CPU
	EndGlobalSection
	GlobalSection(SolutionProperties) = preSolution
		HideSolutionNode = FALSE
	EndGlobalSection
	GlobalSection(ExtensibilityGlobals) = postSolution
		SolutionGuid = {753E73F0-704A-4F62-B41E-36DD8E32DACF}
	EndGlobalSection
EndGlobal
